github.com/joho/godotenv v1.3.0 h1:Zjp+RcGpHhGlrMbJzXTrZZPrWj+1vfm90La1wgB6Bhc=
github.com/joho/godotenv v1.3.0/go.mod h1:7hK45KPybAkOC6peb+G5yklZfMxEjkZhHbwpqxOKXbg=
github.com/line/line-bot-sdk-go v6.3.0+incompatible h1:KjgZ4BMI1XekUpuG0PQM3oPaMF++VksXqoliG2lDw44=
github.com/line/line-bot-sdk-go v6.3.0+incompatible/go.mod h1:0RjLjJEAU/3GIcHkC3av6O4jInAbt25nnZVmOFUgDBg=
